
Microsoft Visual Studio Solution File, Format Version 12.00
# Visual Studio Version 17
VisualStudioVersion = 17.7.34024.191
MinimumVisualStudioVersion = 10.0.40219.1
Project("{FAE04EC0-301F-11D3-BF4B-00C04F79EFBC}") = "Console101", "Console101\Console101.csproj", "{330D947A-4479-4568-B6FE-C74AB901C1CB}"
EndProject
Global
	GlobalSection(SolutionConfigurationPlatforms) = preSolution
		Debug|Any CPU = Debug|Any CPU
		Release|Any CPU = Release|Any CPU
	EndGlobalSection
	GlobalSection(ProjectConfigurationPlatforms) = postSolution
		{330D947A-4479-4568-B6FE-C74AB901C1CB}.Debug|Any CPU.ActiveCfg = Debug|Any CPU
		{330D947A-4479-4568-B6FE-C74AB901C1CB}.Debug|Any CPU.Build.0 = Debug|Any CPU
		{330D947A-4479-4568-B6FE-C74AB901C1CB}.Release|Any CPU.ActiveCfg = Release|Any CPU
		{330D947A-4479-4568-B6FE-C74AB901C1CB}.Release|Any CPU.Build.0 = Release|Any CPU
	EndGlobalSection
	GlobalSection(SolutionProperties) = preSolution
		HideSolutionNode = FALSE
	EndGlobalSection
	GlobalSection(ExtensibilityGlobals) = postSolution
		SolutionGuid = {8C67D0D7-8082-4E20-8F1F-E8594A8FC62A}
	EndGlobalSection
EndGlobal
