
Microsoft Visual Studio Solution File, Format Version 12.00
# Visual Studio Version 17
VisualStudioVersion = 17.7.34024.191
MinimumVisualStudioVersion = 10.0.40219.1
Project("{FAE04EC0-301F-11D3-BF4B-00C04F79EFBC}") = "Console109", "Console109\Console109.csproj", "{AACBDEC0-77AB-4E78-9AF2-DABDB6F64578}"
EndProject
Global
	GlobalSection(SolutionConfigurationPlatforms) = preSolution
		Debug|Any CPU = Debug|Any CPU
		Release|Any CPU = Release|Any CPU
	EndGlobalSection
	GlobalSection(ProjectConfigurationPlatforms) = postSolution
		{AACBDEC0-77AB-4E78-9AF2-DABDB6F64578}.Debug|Any CPU.ActiveCfg = Debug|Any CPU
		{AACBDEC0-77AB-4E78-9AF2-DABDB6F64578}.Debug|Any CPU.Build.0 = Debug|Any CPU
		{AACBDEC0-77AB-4E78-9AF2-DABDB6F64578}.Release|Any CPU.ActiveCfg = Release|Any CPU
		{AACBDEC0-77AB-4E78-9AF2-DABDB6F64578}.Release|Any CPU.Build.0 = Release|Any CPU
	EndGlobalSection
	GlobalSection(SolutionProperties) = preSolution
		HideSolutionNode = FALSE
	EndGlobalSection
	GlobalSection(ExtensibilityGlobals) = postSolution
		SolutionGuid = {3D7B89CE-EC03-497F-A1A9-14774189EB2F}
	EndGlobalSection
EndGlobal
