
Microsoft Visual Studio Solution File, Format Version 12.00
# Visual Studio Version 17
VisualStudioVersion = 17.7.34024.191
MinimumVisualStudioVersion = 10.0.40219.1
Project("{FAE04EC0-301F-11D3-BF4B-00C04F79EFBC}") = "Console106", "Console106\Console106.csproj", "{F9D71BEB-3D8E-4114-8C77-560837D009D2}"
EndProject
Global
	GlobalSection(SolutionConfigurationPlatforms) = preSolution
		Debug|Any CPU = Debug|Any CPU
		Release|Any CPU = Release|Any CPU
	EndGlobalSection
	GlobalSection(ProjectConfigurationPlatforms) = postSolution
		{F9D71BEB-3D8E-4114-8C77-560837D009D2}.Debug|Any CPU.ActiveCfg = Debug|Any CPU
		{F9D71BEB-3D8E-4114-8C77-560837D009D2}.Debug|Any CPU.Build.0 = Debug|Any CPU
		{F9D71BEB-3D8E-4114-8C77-560837D009D2}.Release|Any CPU.ActiveCfg = Release|Any CPU
		{F9D71BEB-3D8E-4114-8C77-560837D009D2}.Release|Any CPU.Build.0 = Release|Any CPU
	EndGlobalSection
	GlobalSection(SolutionProperties) = preSolution
		HideSolutionNode = FALSE
	EndGlobalSection
	GlobalSection(ExtensibilityGlobals) = postSolution
		SolutionGuid = {CB4C916B-B689-4666-8E73-475122744A80}
	EndGlobalSection
EndGlobal
