
Microsoft Visual Studio Solution File, Format Version 12.00
# Visual Studio Version 17
VisualStudioVersion = 17.7.34024.191
MinimumVisualStudioVersion = 10.0.40219.1
Project("{FAE04EC0-301F-11D3-BF4B-00C04F79EFBC}") = "Console103", "Console103\Console103.csproj", "{59489C9E-5B25-4E2E-B009-1225BF2FF3E0}"
EndProject
Global
	GlobalSection(SolutionConfigurationPlatforms) = preSolution
		Debug|Any CPU = Debug|Any CPU
		Release|Any CPU = Release|Any CPU
	EndGlobalSection
	GlobalSection(ProjectConfigurationPlatforms) = postSolution
		{59489C9E-5B25-4E2E-B009-1225BF2FF3E0}.Debug|Any CPU.ActiveCfg = Debug|Any CPU
		{59489C9E-5B25-4E2E-B009-1225BF2FF3E0}.Debug|Any CPU.Build.0 = Debug|Any CPU
		{59489C9E-5B25-4E2E-B009-1225BF2FF3E0}.Release|Any CPU.ActiveCfg = Release|Any CPU
		{59489C9E-5B25-4E2E-B009-1225BF2FF3E0}.Release|Any CPU.Build.0 = Release|Any CPU
	EndGlobalSection
	GlobalSection(SolutionProperties) = preSolution
		HideSolutionNode = FALSE
	EndGlobalSection
	GlobalSection(ExtensibilityGlobals) = postSolution
		SolutionGuid = {405A7CF6-AA54-48A2-9795-D38D4E05FB89}
	EndGlobalSection
EndGlobal
