
Microsoft Visual Studio Solution File, Format Version 12.00
# Visual Studio Version 17
VisualStudioVersion = 17.7.34024.191
MinimumVisualStudioVersion = 10.0.40219.1
Project("{FAE04EC0-301F-11D3-BF4B-00C04F79EFBC}") = "Console104", "Console104\Console104.csproj", "{F7FDE8D0-7675-4EFA-B195-C6561CA34175}"
EndProject
Global
	GlobalSection(SolutionConfigurationPlatforms) = preSolution
		Debug|Any CPU = Debug|Any CPU
		Release|Any CPU = Release|Any CPU
	EndGlobalSection
	GlobalSection(ProjectConfigurationPlatforms) = postSolution
		{F7FDE8D0-7675-4EFA-B195-C6561CA34175}.Debug|Any CPU.ActiveCfg = Debug|Any CPU
		{F7FDE8D0-7675-4EFA-B195-C6561CA34175}.Debug|Any CPU.Build.0 = Debug|Any CPU
		{F7FDE8D0-7675-4EFA-B195-C6561CA34175}.Release|Any CPU.ActiveCfg = Release|Any CPU
		{F7FDE8D0-7675-4EFA-B195-C6561CA34175}.Release|Any CPU.Build.0 = Release|Any CPU
	EndGlobalSection
	GlobalSection(SolutionProperties) = preSolution
		HideSolutionNode = FALSE
	EndGlobalSection
	GlobalSection(ExtensibilityGlobals) = postSolution
		SolutionGuid = {89D4A5AF-7374-4983-B9F2-8A1EAC6185CA}
	EndGlobalSection
EndGlobal
