
Microsoft Visual Studio Solution File, Format Version 12.00
# Visual Studio Version 17
VisualStudioVersion = 17.7.34024.191
MinimumVisualStudioVersion = 10.0.40219.1
Project("{FAE04EC0-301F-11D3-BF4B-00C04F79EFBC}") = "Console105", "Console105\Console105.csproj", "{4915D35E-029A-4A29-A896-E2388A46E661}"
EndProject
Global
	GlobalSection(SolutionConfigurationPlatforms) = preSolution
		Debug|Any CPU = Debug|Any CPU
		Release|Any CPU = Release|Any CPU
	EndGlobalSection
	GlobalSection(ProjectConfigurationPlatforms) = postSolution
		{4915D35E-029A-4A29-A896-E2388A46E661}.Debug|Any CPU.ActiveCfg = Debug|Any CPU
		{4915D35E-029A-4A29-A896-E2388A46E661}.Debug|Any CPU.Build.0 = Debug|Any CPU
		{4915D35E-029A-4A29-A896-E2388A46E661}.Release|Any CPU.ActiveCfg = Release|Any CPU
		{4915D35E-029A-4A29-A896-E2388A46E661}.Release|Any CPU.Build.0 = Release|Any CPU
	EndGlobalSection
	GlobalSection(SolutionProperties) = preSolution
		HideSolutionNode = FALSE
	EndGlobalSection
	GlobalSection(ExtensibilityGlobals) = postSolution
		SolutionGuid = {6A6E8E3B-2A81-4C9F-B7EB-3B53B02B0E18}
	EndGlobalSection
EndGlobal
